
Microsoft Visual Studio Solution File, Format Version 12.00
# Visual Studio Version 17
VisualStudioVersion = 17.4.33103.184
MinimumVisualStudioVersion = 10.0.40219.1
Project("{FAE04EC0-301F-11D3-BF4B-00C04F79EFBC}") = "TFApp", "TFApp\TFApp.csproj", "{773F6E03-A193-4D20-AA8E-0E8474BD7031}"
EndProject
Global
	GlobalSection(SolutionConfigurationPlatforms) = preSolution
		Debug|Any CPU = Debug|Any CPU
		Release|Any CPU = Release|Any CPU
	EndGlobalSection
	GlobalSection(ProjectConfigurationPlatforms) = postSolution
		{773F6E03-A193-4D20-AA8E-0E8474BD7031}.Debug|Any CPU.ActiveCfg = Debug|Any CPU
		{773F6E03-A193-4D20-AA8E-0E8474BD7031}.Debug|Any CPU.Build.0 = Debug|Any CPU
		{773F6E03-A193-4D20-AA8E-0E8474BD7031}.Release|Any CPU.ActiveCfg = Release|Any CPU
		{773F6E03-A193-4D20-AA8E-0E8474BD7031}.Release|Any CPU.Build.0 = Release|Any CPU
	EndGlobalSection
	GlobalSection(SolutionProperties) = preSolution
		HideSolutionNode = FALSE
	EndGlobalSection
	GlobalSection(ExtensibilityGlobals) = postSolution
		SolutionGuid = {6245C619-5F3B-4B66-8E1B-9C0BA2D7C07F}
	EndGlobalSection
EndGlobal
